
Microsoft Visual Studio Solution File, Format Version 12.00
# Visual Studio Version 17
VisualStudioVersion = 17.9.34622.214
MinimumVisualStudioVersion = 10.0.40219.1
Project("{FAE04EC0-301F-11D3-BF4B-00C04F79EFBC}") = "WPF-TrackList", "WPF-TrackList.csproj", "{220C84ED-E5F0-4390-8F6A-8A42BBDE7876}"
EndProject
Global
	GlobalSection(SolutionConfigurationPlatforms) = preSolution
		Debug|Any CPU = Debug|Any CPU
		Release|Any CPU = Release|Any CPU
	EndGlobalSection
	GlobalSection(ProjectConfigurationPlatforms) = postSolution
		{220C84ED-E5F0-4390-8F6A-8A42BBDE7876}.Debug|Any CPU.ActiveCfg = Debug|Any CPU
		{220C84ED-E5F0-4390-8F6A-8A42BBDE7876}.Debug|Any CPU.Build.0 = Debug|Any CPU
		{220C84ED-E5F0-4390-8F6A-8A42BBDE7876}.Release|Any CPU.ActiveCfg = Release|Any CPU
		{220C84ED-E5F0-4390-8F6A-8A42BBDE7876}.Release|Any CPU.Build.0 = Release|Any CPU
	EndGlobalSection
	GlobalSection(SolutionProperties) = preSolution
		HideSolutionNode = FALSE
	EndGlobalSection
	GlobalSection(ExtensibilityGlobals) = postSolution
		SolutionGuid = {9E6E6310-F462-4082-B69E-7D56FA306B0B}
	EndGlobalSection
EndGlobal
